
Microsoft Visual Studio Solution File, Format Version 12.00
# Visual Studio Version 16
VisualStudioVersion = 16.0.29215.179
MinimumVisualStudioVersion = 10.0.40219.1
Project("{8BC9CEB8-8B4A-11D0-8D11-00A0C91BC942}") = "CSC382 - List Implementation", "CSC382 - List Implementation\CSC382 - List Implementation.vcxproj", "{5B522BCB-8A88-4720-B1FA-7837396D3CAC}"
EndProject
Global
	GlobalSection(SolutionConfigurationPlatforms) = preSolution
		Debug|x64 = Debug|x64
		Debug|x86 = Debug|x86
		Release|x64 = Release|x64
		Release|x86 = Release|x86
	EndGlobalSection
	GlobalSection(ProjectConfigurationPlatforms) = postSolution
		{5B522BCB-8A88-4720-B1FA-7837396D3CAC}.Debug|x64.ActiveCfg = Debug|x64
		{5B522BCB-8A88-4720-B1FA-7837396D3CAC}.Debug|x64.Build.0 = Debug|x64
		{5B522BCB-8A88-4720-B1FA-7837396D3CAC}.Debug|x86.ActiveCfg = Debug|Win32
		{5B522BCB-8A88-4720-B1FA-7837396D3CAC}.Debug|x86.Build.0 = Debug|Win32
		{5B522BCB-8A88-4720-B1FA-7837396D3CAC}.Release|x64.ActiveCfg = Release|x64
		{5B522BCB-8A88-4720-B1FA-7837396D3CAC}.Release|x64.Build.0 = Release|x64
		{5B522BCB-8A88-4720-B1FA-7837396D3CAC}.Release|x86.ActiveCfg = Release|Win32
		{5B522BCB-8A88-4720-B1FA-7837396D3CAC}.Release|x86.Build.0 = Release|Win32
	EndGlobalSection
	GlobalSection(SolutionProperties) = preSolution
		HideSolutionNode = FALSE
	EndGlobalSection
	GlobalSection(ExtensibilityGlobals) = postSolution
		SolutionGuid = {16CAF597-1F7C-4FF2-9271-5FC378C1200E}
	EndGlobalSection
EndGlobal
